
Microsoft Visual Studio Solution File, Format Version 12.00
# Visual Studio 15
Project("{FAE04EC0-301F-11D3-BF4B-00C04F79EFBC}") = "Assembly-CSharp", "Assembly-CSharp.csproj", "{D09A6BDB-2180-4FCC-9F18-2AA307EBA70C}"
EndProject
Global
	GlobalSection(SolutionConfigurationPlatforms) = preSolution
		Debug|Any CPU = Debug|Any CPU
		Release|Any CPU = Release|Any CPU
	EndGlobalSection
	GlobalSection(ProjectConfigurationPlatforms) = postSolution
		{D09A6BDB-2180-4FCC-9F18-2AA307EBA70C}.Debug|Any CPU.ActiveCfg = Debug|Any CPU
		{D09A6BDB-2180-4FCC-9F18-2AA307EBA70C}.Debug|Any CPU.Build.0 = Debug|Any CPU
		{D09A6BDB-2180-4FCC-9F18-2AA307EBA70C}.Release|Any CPU.ActiveCfg = Release|Any CPU
		{D09A6BDB-2180-4FCC-9F18-2AA307EBA70C}.Release|Any CPU.Build.0 = Release|Any CPU
	EndGlobalSection
	GlobalSection(SolutionProperties) = preSolution
		HideSolutionNode = FALSE
	EndGlobalSection
EndGlobal
